
Microsoft Visual Studio Solution File, Format Version 12.00
# Visual Studio Version 16
VisualStudioVersion = 16.0.29613.14
MinimumVisualStudioVersion = 10.0.40219.1
Project("{FAE04EC0-301F-11D3-BF4B-00C04F79EFBC}") = "ApartmentBot", "ApartmentBot\ApartmentBot.csproj", "{F48D67CA-58C5-434F-94ED-A0A5385D08FA}"
EndProject
Global
	GlobalSection(SolutionConfigurationPlatforms) = preSolution
		Debug|Any CPU = Debug|Any CPU
		Release|Any CPU = Release|Any CPU
	EndGlobalSection
	GlobalSection(ProjectConfigurationPlatforms) = postSolution
		{F48D67CA-58C5-434F-94ED-A0A5385D08FA}.Debug|Any CPU.ActiveCfg = Debug|Any CPU
		{F48D67CA-58C5-434F-94ED-A0A5385D08FA}.Debug|Any CPU.Build.0 = Debug|Any CPU
		{F48D67CA-58C5-434F-94ED-A0A5385D08FA}.Release|Any CPU.ActiveCfg = Release|Any CPU
		{F48D67CA-58C5-434F-94ED-A0A5385D08FA}.Release|Any CPU.Build.0 = Release|Any CPU
	EndGlobalSection
	GlobalSection(SolutionProperties) = preSolution
		HideSolutionNode = FALSE
	EndGlobalSection
	GlobalSection(ExtensibilityGlobals) = postSolution
		SolutionGuid = {1F9FD054-3E0A-463D-817B-6F072F01E9FE}
	EndGlobalSection
EndGlobal
